// !$*UTF8*$!
{
	archiveVersion = 1;
	classes = {
	};
	objectVersion = 46;
	objects = {

/* Begin PBXBuildFile section */
		4703E3851B21A63200C0F34F /* Transformations.m in Sources */ = {isa = PBXBuildFile; fileRef = 4703E3841B21A63200C0F34F /* Transformations.m */; };
		4703E3871B21C7CD00C0F34F /* avatar.mtl in Resources */ = {isa = PBXBuildFile; fileRef = 4703E3861B21C7CD00C0F34F /* avatar.mtl */; };
		47D29C821B1F4A2600827AA8 /* main.m in Sources */ = {isa = PBXBuildFile; fileRef = 47D29C811B1F4A2600827AA8 /* main.m */; };
		47D29C851B1F4A2600827AA8 /* AppDelegate.m in Sources */ = {isa = PBXBuildFile; fileRef = 47D29C841B1F4A2600827AA8 /* AppDelegate.m */; };
		47D29C881B1F4A2600827AA8 /* ViewController.mm in Sources */ = {isa = PBXBuildFile; fileRef = 47D29C871B1F4A2600827AA8 /* ViewController.mm */; };
		47D29C8B1B1F4A2600827AA8 /* Main.storyboard in Resources */ = {isa = PBXBuildFile; fileRef = 47D29C891B1F4A2600827AA8 /* Main.storyboard */; };
		47D29C8D1B1F4A2600827AA8 /* Images.xcassets in Resources */ = {isa = PBXBuildFile; fileRef = 47D29C8C1B1F4A2600827AA8 /* Images.xcassets */; };
		47D29C901B1F4A2600827AA8 /* LaunchScreen.xib in Resources */ = {isa = PBXBuildFile; fileRef = 47D29C8E1B1F4A2600827AA8 /* LaunchScreen.xib */; };
		47D29C9C1B1F4A2600827AA8 /* GLBlender1Tests.m in Sources */ = {isa = PBXBuildFile; fileRef = 47D29C9B1B1F4A2600827AA8 /* GLBlender1Tests.m */; };
		47D29CA61B1F4A8400827AA8 /* OpenGLES.framework in Frameworks */ = {isa = PBXBuildFile; fileRef = 47D29CA51B1F4A8400827AA8 /* OpenGLES.framework */; };
		47D29CA81B1F4A9100827AA8 /* GLKit.framework in Frameworks */ = {isa = PBXBuildFile; fileRef = 47D29CA71B1F4A9100827AA8 /* GLKit.framework */; };
		47D29CB91B20782C00827AA8 /* ObjParser.mm in Sources */ = {isa = PBXBuildFile; fileRef = 47D29CB71B20782C00827AA8 /* ObjParser.mm */; };
		47D29CBB1B207E2F00827AA8 /* cube.obj in Resources */ = {isa = PBXBuildFile; fileRef = 47D29CBA1B207E2F00827AA8 /* cube.obj */; };
		47D29CBD1B20845100827AA8 /* cube.png in Resources */ = {isa = PBXBuildFile; fileRef = 47D29CBC1B20845100827AA8 /* cube.png */; };
		47D29CC71B2095EC00827AA8 /* avatar.jpg in Resources */ = {isa = PBXBuildFile; fileRef = 47D29CC51B2095EC00827AA8 /* avatar.jpg */; };
		47D29CC81B2095EC00827AA8 /* avatar.obj in Resources */ = {isa = PBXBuildFile; fileRef = 47D29CC61B2095EC00827AA8 /* avatar.obj */; };
/* End PBXBuildFile section */

/* Begin PBXContainerItemProxy section */
		47D29C961B1F4A2600827AA8 /* PBXContainerItemProxy */ = {
			isa = PBXContainerItemProxy;
			containerPortal = 47D29C741B1F4A2600827AA8 /* Project object */;
			proxyType = 1;
			remoteGlobalIDString = 47D29C7B1B1F4A2600827AA8;
			remoteInfo = GLBlender1;
		};
/* End PBXContainerItemProxy section */

/* Begin PBXFileReference section */
		4703E3831B21A63200C0F34F /* Transformations.h */ = {isa = PBXFileReference; fileEncoding = 4; lastKnownFileType = sourcecode.c.h; path = Transformations.h; sourceTree = "<group>"; };
		4703E3841B21A63200C0F34F /* Transformations.m */ = {isa = PBXFileReference; fileEncoding = 4; lastKnownFileType = sourcecode.c.objc; path = Transformations.m; sourceTree = "<group>"; };
		4703E3861B21C7CD00C0F34F /* avatar.mtl */ = {isa = PBXFileReference; fileEncoding = 4; lastKnownFileType = text; path = avatar.mtl; sourceTree = "<group>"; };
		47D29C7C1B1F4A2600827AA8 /* GLBlender1.app */ = {isa = PBXFileReference; explicitFileType = wrapper.application; includeInIndex = 0; path = GLBlender1.app; sourceTree = BUILT_PRODUCTS_DIR; };
		47D29C801B1F4A2600827AA8 /* Info.plist */ = {isa = PBXFileReference; lastKnownFileType = text.plist.xml; path = Info.plist; sourceTree = "<group>"; };
		47D29C811B1F4A2600827AA8 /* main.m */ = {isa = PBXFileReference; lastKnownFileType = sourcecode.c.objc; path = main.m; sourceTree = "<group>"; };
		47D29C831B1F4A2600827AA8 /* AppDelegate.h */ = {isa = PBXFileReference; lastKnownFileType = sourcecode.c.h; path = AppDelegate.h; sourceTree = "<group>"; };
		47D29C841B1F4A2600827AA8 /* AppDelegate.m */ = {isa = PBXFileReference; lastKnownFileType = sourcecode.c.objc; path = AppDelegate.m; sourceTree = "<group>"; };
		47D29C861B1F4A2600827AA8 /* ViewController.h */ = {isa = PBXFileReference; lastKnownFileType = sourcecode.c.h; path = ViewController.h; sourceTree = "<group>"; };
		47D29C871B1F4A2600827AA8 /* ViewController.mm */ = {isa = PBXFileReference; lastKnownFileType = sourcecode.cpp.objcpp; path = ViewController.mm; sourceTree = "<group>"; };
		47D29C8A1B1F4A2600827AA8 /* Base */ = {isa = PBXFileReference; lastKnownFileType = file.storyboard; name = Base; path = Base.lproj/Main.storyboard; sourceTree = "<group>"; };
		47D29C8C1B1F4A2600827AA8 /* Images.xcassets */ = {isa = PBXFileReference; lastKnownFileType = folder.assetcatalog; path = Images.xcassets; sourceTree = "<group>"; };
		47D29C8F1B1F4A2600827AA8 /* Base */ = {isa = PBXFileReference; lastKnownFileType = file.xib; name = Base; path = Base.lproj/LaunchScreen.xib; sourceTree = "<group>"; };
		47D29C951B1F4A2600827AA8 /* GLBlender1Tests.xctest */ = {isa = PBXFileReference; explicitFileType = wrapper.cfbundle; includeInIndex = 0; path = GLBlender1Tests.xctest; sourceTree = BUILT_PRODUCTS_DIR; };
		47D29C9A1B1F4A2600827AA8 /* Info.plist */ = {isa = PBXFileReference; lastKnownFileType = text.plist.xml; path = Info.plist; sourceTree = "<group>"; };
		47D29C9B1B1F4A2600827AA8 /* GLBlender1Tests.m */ = {isa = PBXFileReference; lastKnownFileType = sourcecode.c.objc; path = GLBlender1Tests.m; sourceTree = "<group>"; };
		47D29CA51B1F4A8400827AA8 /* OpenGLES.framework */ = {isa = PBXFileReference; lastKnownFileType = wrapper.framework; name = OpenGLES.framework; path = System/Library/Frameworks/OpenGLES.framework; sourceTree = SDKROOT; };
		47D29CA71B1F4A9100827AA8 /* GLKit.framework */ = {isa = PBXFileReference; lastKnownFileType = wrapper.framework; name = GLKit.framework; path = System/Library/Frameworks/GLKit.framework; sourceTree = SDKROOT; };
		47D29CB71B20782C00827AA8 /* ObjParser.mm */ = {isa = PBXFileReference; fileEncoding = 4; lastKnownFileType = sourcecode.cpp.objcpp; path = ObjParser.mm; sourceTree = "<group>"; };
		47D29CB81B20782C00827AA8 /* ObjParser.h */ = {isa = PBXFileReference; fileEncoding = 4; lastKnownFileType = sourcecode.c.h; path = ObjParser.h; sourceTree = "<group>"; };
		47D29CBA1B207E2F00827AA8 /* cube.obj */ = {isa = PBXFileReference; fileEncoding = 4; lastKnownFileType = text; path = cube.obj; sourceTree = "<group>"; };
		47D29CBC1B20845100827AA8 /* cube.png */ = {isa = PBXFileReference; lastKnownFileType = image.png; path = cube.png; sourceTree = "<group>"; };
		47D29CC21B208F0500827AA8 /* cube.h */ = {isa = PBXFileReference; fileEncoding = 4; lastKnownFileType = sourcecode.c.h; path = cube.h; sourceTree = "<group>"; };
		47D29CC51B2095EC00827AA8 /* avatar.jpg */ = {isa = PBXFileReference; lastKnownFileType = image.jpeg; path = avatar.jpg; sourceTree = "<group>"; };
		47D29CC61B2095EC00827AA8 /* avatar.obj */ = {isa = PBXFileReference; fileEncoding = 4; lastKnownFileType = text; path = avatar.obj; sourceTree = "<group>"; };
/* End PBXFileReference section */

/* Begin PBXFrameworksBuildPhase section */
		47D29C791B1F4A2600827AA8 /* Frameworks */ = {
			isa = PBXFrameworksBuildPhase;
			buildActionMask = 2147483647;
			files = (
				47D29CA81B1F4A9100827AA8 /* GLKit.framework in Frameworks */,
				47D29CA61B1F4A8400827AA8 /* OpenGLES.framework in Frameworks */,
			);
			runOnlyForDeploymentPostprocessing = 0;
		};
		47D29C921B1F4A2600827AA8 /* Frameworks */ = {
			isa = PBXFrameworksBuildPhase;
			buildActionMask = 2147483647;
			files = (
			);
			runOnlyForDeploymentPostprocessing = 0;
		};
/* End PBXFrameworksBuildPhase section */

/* Begin PBXGroup section */
		47D29C731B1F4A2600827AA8 = {
			isa = PBXGroup;
			children = (
				47D29CA71B1F4A9100827AA8 /* GLKit.framework */,
				47D29CA51B1F4A8400827AA8 /* OpenGLES.framework */,
				47D29C7E1B1F4A2600827AA8 /* GLBlender1 */,
				47D29C981B1F4A2600827AA8 /* GLBlender1Tests */,
				47D29C7D1B1F4A2600827AA8 /* Products */,
			);
			sourceTree = "<group>";
		};
		47D29C7D1B1F4A2600827AA8 /* Products */ = {
			isa = PBXGroup;
			children = (
				47D29C7C1B1F4A2600827AA8 /* GLBlender1.app */,
				47D29C951B1F4A2600827AA8 /* GLBlender1Tests.xctest */,
			);
			name = Products;
			sourceTree = "<group>";
		};
		47D29C7E1B1F4A2600827AA8 /* GLBlender1 */ = {
			isa = PBXGroup;
			children = (
				47D29C831B1F4A2600827AA8 /* AppDelegate.h */,
				47D29C841B1F4A2600827AA8 /* AppDelegate.m */,
				47D29CC91B2095F800827AA8 /* avatar */,
				47D29CC41B20958500827AA8 /* cube */,
				47D29C861B1F4A2600827AA8 /* ViewController.h */,
				47D29C871B1F4A2600827AA8 /* ViewController.mm */,
				47D29C891B1F4A2600827AA8 /* Main.storyboard */,
				47D29C8C1B1F4A2600827AA8 /* Images.xcassets */,
				47D29C8E1B1F4A2600827AA8 /* LaunchScreen.xib */,
				47D29C7F1B1F4A2600827AA8 /* Supporting Files */,
				47D29CB71B20782C00827AA8 /* ObjParser.mm */,
				47D29CB81B20782C00827AA8 /* ObjParser.h */,
				4703E3831B21A63200C0F34F /* Transformations.h */,
				4703E3841B21A63200C0F34F /* Transformations.m */,
			);
			path = GLBlender1;
			sourceTree = "<group>";
		};
		47D29C7F1B1F4A2600827AA8 /* Supporting Files */ = {
			isa = PBXGroup;
			children = (
				47D29C801B1F4A2600827AA8 /* Info.plist */,
				47D29C811B1F4A2600827AA8 /* main.m */,
			);
			name = "Supporting Files";
			sourceTree = "<group>";
		};
		47D29C981B1F4A2600827AA8 /* GLBlender1Tests */ = {
			isa = PBXGroup;
			children = (
				47D29C9B1B1F4A2600827AA8 /* GLBlender1Tests.m */,
				47D29C991B1F4A2600827AA8 /* Supporting Files */,
			);
			path = GLBlender1Tests;
			sourceTree = "<group>";
		};
		47D29C991B1F4A2600827AA8 /* Supporting Files */ = {
			isa = PBXGroup;
			children = (
				47D29C9A1B1F4A2600827AA8 /* Info.plist */,
			);
			name = "Supporting Files";
			sourceTree = "<group>";
		};
		47D29CC41B20958500827AA8 /* cube */ = {
			isa = PBXGroup;
			children = (
				47D29CC21B208F0500827AA8 /* cube.h */,
				47D29CBA1B207E2F00827AA8 /* cube.obj */,
				47D29CBC1B20845100827AA8 /* cube.png */,
			);
			name = cube;
			sourceTree = "<group>";
		};
		47D29CC91B2095F800827AA8 /* avatar */ = {
			isa = PBXGroup;
			children = (
				4703E3861B21C7CD00C0F34F /* avatar.mtl */,
				47D29CC51B2095EC00827AA8 /* avatar.jpg */,
				47D29CC61B2095EC00827AA8 /* avatar.obj */,
			);
			name = avatar;
			sourceTree = "<group>";
		};
/* End PBXGroup section */

/* Begin PBXNativeTarget section */
		47D29C7B1B1F4A2600827AA8 /* GLBlender1 */ = {
			isa = PBXNativeTarget;
			buildConfigurationList = 47D29C9F1B1F4A2600827AA8 /* Build configuration list for PBXNativeTarget "GLBlender1" */;
			buildPhases = (
				47D29C781B1F4A2600827AA8 /* Sources */,
				47D29C791B1F4A2600827AA8 /* Frameworks */,
				47D29C7A1B1F4A2600827AA8 /* Resources */,
			);
			buildRules = (
			);
			dependencies = (
			);
			name = GLBlender1;
			productName = GLBlender1;
			productReference = 47D29C7C1B1F4A2600827AA8 /* GLBlender1.app */;
			productType = "com.apple.product-type.application";
		};
		47D29C941B1F4A2600827AA8 /* GLBlender1Tests */ = {
			isa = PBXNativeTarget;
			buildConfigurationList = 47D29CA21B1F4A2600827AA8 /* Build configuration list for PBXNativeTarget "GLBlender1Tests" */;
			buildPhases = (
				47D29C911B1F4A2600827AA8 /* Sources */,
				47D29C921B1F4A2600827AA8 /* Frameworks */,
				47D29C931B1F4A2600827AA8 /* Resources */,
			);
			buildRules = (
			);
			dependencies = (
				47D29C971B1F4A2600827AA8 /* PBXTargetDependency */,
			);
			name = GLBlender1Tests;
			productName = GLBlender1Tests;
			productReference = 47D29C951B1F4A2600827AA8 /* GLBlender1Tests.xctest */;
			productType = "com.apple.product-type.bundle.unit-test";
		};
/* End PBXNativeTarget section */

/* Begin PBXProject section */
		47D29C741B1F4A2600827AA8 /* Project object */ = {
			isa = PBXProject;
			attributes = {
				LastUpgradeCheck = 0630;
				ORGANIZATIONNAME = "Son Nguyen Kim";
				TargetAttributes = {
					47D29C7B1B1F4A2600827AA8 = {
						CreatedOnToolsVersion = 6.3.2;
					};
					47D29C941B1F4A2600827AA8 = {
						CreatedOnToolsVersion = 6.3.2;
						TestTargetID = 47D29C7B1B1F4A2600827AA8;
					};
				};
			};
			buildConfigurationList = 47D29C771B1F4A2600827AA8 /* Build configuration list for PBXProject "GLBlender1" */;
			compatibilityVersion = "Xcode 3.2";
			developmentRegion = English;
			hasScannedForEncodings = 0;
			knownRegions = (
				en,
				Base,
			);
			mainGroup = 47D29C731B1F4A2600827AA8;
			productRefGroup = 47D29C7D1B1F4A2600827AA8 /* Products */;
			projectDirPath = "";
			projectRoot = "";
			targets = (
				47D29C7B1B1F4A2600827AA8 /* GLBlender1 */,
				47D29C941B1F4A2600827AA8 /* GLBlender1Tests */,
			);
		};
/* End PBXProject section */

/* Begin PBXResourcesBuildPhase section */
		47D29C7A1B1F4A2600827AA8 /* Resources */ = {
			isa = PBXResourcesBuildPhase;
			buildActionMask = 2147483647;
			files = (
				47D29CC81B2095EC00827AA8 /* avatar.obj in Resources */,
				47D29CBB1B207E2F00827AA8 /* cube.obj in Resources */,
				47D29CBD1B20845100827AA8 /* cube.png in Resources */,
				47D29CC71B2095EC00827AA8 /* avatar.jpg in Resources */,
				4703E3871B21C7CD00C0F34F /* avatar.mtl in Resources */,
				47D29C8B1B1F4A2600827AA8 /* Main.storyboard in Resources */,
				47D29C901B1F4A2600827AA8 /* LaunchScreen.xib in Resources */,
				47D29C8D1B1F4A2600827AA8 /* Images.xcassets in Resources */,
			);
			runOnlyForDeploymentPostprocessing = 0;
		};
		47D29C931B1F4A2600827AA8 /* Resources */ = {
			isa = PBXResourcesBuildPhase;
			buildActionMask = 2147483647;
			files = (
			);
			runOnlyForDeploymentPostprocessing = 0;
		};
/* End PBXResourcesBuildPhase section */

/* Begin PBXSourcesBuildPhase section */
		47D29C781B1F4A2600827AA8 /* Sources */ = {
			isa = PBXSourcesBuildPhase;
			buildActionMask = 2147483647;
			files = (
				4703E3851B21A63200C0F34F /* Transformations.m in Sources */,
				47D29C881B1F4A2600827AA8 /* ViewController.mm in Sources */,
				47D29CB91B20782C00827AA8 /* ObjParser.mm in Sources */,
				47D29C851B1F4A2600827AA8 /* AppDelegate.m in Sources */,
				47D29C821B1F4A2600827AA8 /* main.m in Sources */,
			);
			runOnlyForDeploymentPostprocessing = 0;
		};
		47D29C911B1F4A2600827AA8 /* Sources */ = {
			isa = PBXSourcesBuildPhase;
			buildActionMask = 2147483647;
			files = (
				47D29C9C1B1F4A2600827AA8 /* GLBlender1Tests.m in Sources */,
			);
			runOnlyForDeploymentPostprocessing = 0;
		};
/* End PBXSourcesBuildPhase section */

/* Begin PBXTargetDependency section */
		47D29C971B1F4A2600827AA8 /* PBXTargetDependency */ = {
			isa = PBXTargetDependency;
			target = 47D29C7B1B1F4A2600827AA8 /* GLBlender1 */;
			targetProxy = 47D29C961B1F4A2600827AA8 /* PBXContainerItemProxy */;
		};
/* End PBXTargetDependency section */

/* Begin PBXVariantGroup section */
		47D29C891B1F4A2600827AA8 /* Main.storyboard */ = {
			isa = PBXVariantGroup;
			children = (
				47D29C8A1B1F4A2600827AA8 /* Base */,
			);
			name = Main.storyboard;
			sourceTree = "<group>";
		};
		47D29C8E1B1F4A2600827AA8 /* LaunchScreen.xib */ = {
			isa = PBXVariantGroup;
			children = (
				47D29C8F1B1F4A2600827AA8 /* Base */,
			);
			name = LaunchScreen.xib;
			sourceTree = "<group>";
		};
/* End PBXVariantGroup section */

/* Begin XCBuildConfiguration section */
		47D29C9D1B1F4A2600827AA8 /* Debug */ = {
			isa = XCBuildConfiguration;
			buildSettings = {
				ALWAYS_SEARCH_USER_PATHS = NO;
				CLANG_CXX_LANGUAGE_STANDARD = "gnu++0x";
				CLANG_CXX_LIBRARY = "libc++";
				CLANG_ENABLE_MODULES = YES;
				CLANG_ENABLE_OBJC_ARC = YES;
				CLANG_WARN_BOOL_CONVERSION = YES;
				CLANG_WARN_CONSTANT_CONVERSION = YES;
				CLANG_WARN_DIRECT_OBJC_ISA_USAGE = YES_ERROR;
				CLANG_WARN_EMPTY_BODY = YES;
				CLANG_WARN_ENUM_CONVERSION = YES;
				CLANG_WARN_INT_CONVERSION = YES;
				CLANG_WARN_OBJC_ROOT_CLASS = YES_ERROR;
				CLANG_WARN_UNREACHABLE_CODE = YES;
				CLANG_WARN__DUPLICATE_METHOD_MATCH = YES;
				"CODE_SIGN_IDENTITY[sdk=iphoneos*]" = "iPhone Developer";
				COPY_PHASE_STRIP = NO;
				DEBUG_INFORMATION_FORMAT = "dwarf-with-dsym";
				ENABLE_STRICT_OBJC_MSGSEND = YES;
				GCC_C_LANGUAGE_STANDARD = gnu99;
				GCC_DYNAMIC_NO_PIC = NO;
				GCC_NO_COMMON_BLOCKS = YES;
				GCC_OPTIMIZATION_LEVEL = 0;
				GCC_PREPROCESSOR_DEFINITIONS = (
					"DEBUG=1",
					"$(inherited)",
				);
				GCC_SYMBOLS_PRIVATE_EXTERN = NO;
				GCC_WARN_64_TO_32_BIT_CONVERSION = YES;
				GCC_WARN_ABOUT_RETURN_TYPE = YES_ERROR;
				GCC_WARN_UNDECLARED_SELECTOR = YES;
				GCC_WARN_UNINITIALIZED_AUTOS = YES_AGGRESSIVE;
				GCC_WARN_UNUSED_FUNCTION = YES;
				GCC_WARN_UNUSED_VARIABLE = YES;
				IPHONEOS_DEPLOYMENT_TARGET = 8.3;
				MTL_ENABLE_DEBUG_INFO = YES;
				ONLY_ACTIVE_ARCH = YES;
				SDKROOT = iphoneos;
			};
			name = Debug;
		};
		47D29C9E1B1F4A2600827AA8 /* Release */ = {
			isa = XCBuildConfiguration;
			buildSettings = {
				ALWAYS_SEARCH_USER_PATHS = NO;
				CLANG_CXX_LANGUAGE_STANDARD = "gnu++0x";
				CLANG_CXX_LIBRARY = "libc++";
				CLANG_ENABLE_MODULES = YES;
				CLANG_ENABLE_OBJC_ARC = YES;
				CLANG_WARN_BOOL_CONVERSION = YES;
				CLANG_WARN_CONSTANT_CONVERSION = YES;
				CLANG_WARN_DIRECT_OBJC_ISA_USAGE = YES_ERROR;
				CLANG_WARN_EMPTY_BODY = YES;
				CLANG_WARN_ENUM_CONVERSION = YES;
				CLANG_WARN_INT_CONVERSION = YES;
				CLANG_WARN_OBJC_ROOT_CLASS = YES_ERROR;
				CLANG_WARN_UNREACHABLE_CODE = YES;
				CLANG_WARN__DUPLICATE_METHOD_MATCH = YES;
				"CODE_SIGN_IDENTITY[sdk=iphoneos*]" = "iPhone Developer";
				COPY_PHASE_STRIP = NO;
				DEBUG_INFORMATION_FORMAT = "dwarf-with-dsym";
				ENABLE_NS_ASSERTIONS = NO;
				ENABLE_STRICT_OBJC_MSGSEND = YES;
				GCC_C_LANGUAGE_STANDARD = gnu99;
				GCC_NO_COMMON_BLOCKS = YES;
				GCC_WARN_64_TO_32_BIT_CONVERSION = YES;
				GCC_WARN_ABOUT_RETURN_TYPE = YES_ERROR;
				GCC_WARN_UNDECLARED_SELECTOR = YES;
				GCC_WARN_UNINITIALIZED_AUTOS = YES_AGGRESSIVE;
				GCC_WARN_UNUSED_FUNCTION = YES;
				GCC_WARN_UNUSED_VARIABLE = YES;
				IPHONEOS_DEPLOYMENT_TARGET = 8.3;
				MTL_ENABLE_DEBUG_INFO = NO;
				SDKROOT = iphoneos;
				VALIDATE_PRODUCT = YES;
			};
			name = Release;
		};
		47D29CA01B1F4A2600827AA8 /* Debug */ = {
			isa = XCBuildConfiguration;
			buildSettings = {
				ASSETCATALOG_COMPILER_APPICON_NAME = AppIcon;
				CLANG_CXX_LIBRARY = "libstdc++";
				CODE_SIGN_IDENTITY = "iPhone Developer";
				INFOPLIST_FILE = GLBlender1/Info.plist;
				IPHONEOS_DEPLOYMENT_TARGET = 7.0;
				LD_RUNPATH_SEARCH_PATHS = "$(inherited) @executable_path/Frameworks";
				PRODUCT_NAME = "$(TARGET_NAME)";
			};
			name = Debug;
		};
		47D29CA11B1F4A2600827AA8 /* Release */ = {
			isa = XCBuildConfiguration;
			buildSettings = {
				ASSETCATALOG_COMPILER_APPICON_NAME = AppIcon;
				CLANG_CXX_LIBRARY = "libstdc++";
				CODE_SIGN_IDENTITY = "iPhone Distribution";
				INFOPLIST_FILE = GLBlender1/Info.plist;
				IPHONEOS_DEPLOYMENT_TARGET = 7.0;
				LD_RUNPATH_SEARCH_PATHS = "$(inherited) @executable_path/Frameworks";
				PRODUCT_NAME = "$(TARGET_NAME)";
			};
			name = Release;
		};
		47D29CA31B1F4A2600827AA8 /* Debug */ = {
			isa = XCBuildConfiguration;
			buildSettings = {
				BUNDLE_LOADER = "$(TEST_HOST)";
				FRAMEWORK_SEARCH_PATHS = (
					"$(SDKROOT)/Developer/Library/Frameworks",
					"$(inherited)",
				);
				GCC_PREPROCESSOR_DEFINITIONS = (
					"DEBUG=1",
					"$(inherited)",
				);
				INFOPLIST_FILE = GLBlender1Tests/Info.plist;
				LD_RUNPATH_SEARCH_PATHS = "$(inherited) @executable_path/Frameworks @loader_path/Frameworks";
				PRODUCT_NAME = "$(TARGET_NAME)";
				TEST_HOST = "$(BUILT_PRODUCTS_DIR)/GLBlender1.app/GLBlender1";
			};
			name = Debug;
		};
		47D29CA41B1F4A2600827AA8 /* Release */ = {
			isa = XCBuildConfiguration;
			buildSettings = {
				BUNDLE_LOADER = "$(TEST_HOST)";
				FRAMEWORK_SEARCH_PATHS = (
					"$(SDKROOT)/Developer/Library/Frameworks",
					"$(inherited)",
				);
				INFOPLIST_FILE = GLBlender1Tests/Info.plist;
				LD_RUNPATH_SEARCH_PATHS = "$(inherited) @executable_path/Frameworks @loader_path/Frameworks";
				PRODUCT_NAME = "$(TARGET_NAME)";
				TEST_HOST = "$(BUILT_PRODUCTS_DIR)/GLBlender1.app/GLBlender1";
			};
			name = Release;
		};
/* End XCBuildConfiguration section */

/* Begin XCConfigurationList section */
		47D29C771B1F4A2600827AA8 /* Build configuration list for PBXProject "GLBlender1" */ = {
			isa = XCConfigurationList;
			buildConfigurations = (
				47D29C9D1B1F4A2600827AA8 /* Debug */,
				47D29C9E1B1F4A2600827AA8 /* Release */,
			);
			defaultConfigurationIsVisible = 0;
			defaultConfigurationName = Release;
		};
		47D29C9F1B1F4A2600827AA8 /* Build configuration list for PBXNativeTarget "GLBlender1" */ = {
			isa = XCConfigurationList;
			buildConfigurations = (
				47D29CA01B1F4A2600827AA8 /* Debug */,
				47D29CA11B1F4A2600827AA8 /* Release */,
			);
			defaultConfigurationIsVisible = 0;
			defaultConfigurationName = Release;
		};
		47D29CA21B1F4A2600827AA8 /* Build configuration list for PBXNativeTarget "GLBlender1Tests" */ = {
			isa = XCConfigurationList;
			buildConfigurations = (
				47D29CA31B1F4A2600827AA8 /* Debug */,
				47D29CA41B1F4A2600827AA8 /* Release */,
			);
			defaultConfigurationIsVisible = 0;
			defaultConfigurationName = Release;
		};
/* End XCConfigurationList section */
	};
	rootObject = 47D29C741B1F4A2600827AA8 /* Project object */;
}
